
Microsoft Visual Studio Solution File, Format Version 12.00
# Visual Studio Version 16
VisualStudioVersion = 25.0.1705.2
MinimumVisualStudioVersion = 10.0.40219.1
Project("{FAE04EC0-301F-11D3-BF4B-00C04F79EFBC}") = "sqt10", "sqt10\sqt10.csproj", "{0F9AFE87-CE3D-4076-A7C4-98CA89BF61C4}"
EndProject
Global
	GlobalSection(SolutionConfigurationPlatforms) = preSolution
		Debug|Any CPU = Debug|Any CPU
		Release|Any CPU = Release|Any CPU
	EndGlobalSection
	GlobalSection(ProjectConfigurationPlatforms) = postSolution
		{0F9AFE87-CE3D-4076-A7C4-98CA89BF61C4}.Debug|Any CPU.ActiveCfg = Debug|Any CPU
		{0F9AFE87-CE3D-4076-A7C4-98CA89BF61C4}.Debug|Any CPU.Build.0 = Debug|Any CPU
		{0F9AFE87-CE3D-4076-A7C4-98CA89BF61C4}.Release|Any CPU.ActiveCfg = Release|Any CPU
		{0F9AFE87-CE3D-4076-A7C4-98CA89BF61C4}.Release|Any CPU.Build.0 = Release|Any CPU
	EndGlobalSection
	GlobalSection(SolutionProperties) = preSolution
		HideSolutionNode = FALSE
	EndGlobalSection
	GlobalSection(ExtensibilityGlobals) = postSolution
		SolutionGuid = {1D12908D-1454-4B88-9E14-5F69817F7723}
	EndGlobalSection
EndGlobal
